
Microsoft Visual Studio Solution File, Format Version 12.00
# Visual Studio Version 16
VisualStudioVersion = 16.0.32602.291
MinimumVisualStudioVersion = 10.0.40219.1
Project("{9A19103F-16F7-4668-BE54-9A1E7A4F7556}") = "CameraTrackingAppv3", "CameraTrackingAppv3\CameraTrackingAppv3.csproj", "{C2E533C9-4478-4D77-BA12-08692E74FD97}"
EndProject
Project("{C7167F0D-BC9F-4E6E-AFE1-012C56B48DB5}") = "WrapCameraTrackingAppv3", "WrapCameraTrackingAppv3\WrapCameraTrackingAppv3.wapproj", "{24DD3F88-0579-4425-B66C-1E41383A1363}"
EndProject
Global
	GlobalSection(SolutionConfigurationPlatforms) = preSolution
		Debug|Any CPU = Debug|Any CPU
		Debug|ARM = Debug|ARM
		Debug|ARM64 = Debug|ARM64
		Debug|x64 = Debug|x64
		Debug|x86 = Debug|x86
		Release|Any CPU = Release|Any CPU
		Release|ARM = Release|ARM
		Release|ARM64 = Release|ARM64
		Release|x64 = Release|x64
		Release|x86 = Release|x86
	EndGlobalSection
	GlobalSection(ProjectConfigurationPlatforms) = postSolution
		{C2E533C9-4478-4D77-BA12-08692E74FD97}.Debug|Any CPU.ActiveCfg = Debug|Any CPU
		{C2E533C9-4478-4D77-BA12-08692E74FD97}.Debug|Any CPU.Build.0 = Debug|Any CPU
		{C2E533C9-4478-4D77-BA12-08692E74FD97}.Debug|ARM.ActiveCfg = Debug|Any CPU
		{C2E533C9-4478-4D77-BA12-08692E74FD97}.Debug|ARM.Build.0 = Debug|Any CPU
		{C2E533C9-4478-4D77-BA12-08692E74FD97}.Debug|ARM64.ActiveCfg = Debug|Any CPU
		{C2E533C9-4478-4D77-BA12-08692E74FD97}.Debug|ARM64.Build.0 = Debug|Any CPU
		{C2E533C9-4478-4D77-BA12-08692E74FD97}.Debug|x64.ActiveCfg = Debug|Any CPU
		{C2E533C9-4478-4D77-BA12-08692E74FD97}.Debug|x64.Build.0 = Debug|Any CPU
		{C2E533C9-4478-4D77-BA12-08692E74FD97}.Debug|x86.ActiveCfg = Debug|x86
		{C2E533C9-4478-4D77-BA12-08692E74FD97}.Debug|x86.Build.0 = Debug|x86
		{C2E533C9-4478-4D77-BA12-08692E74FD97}.Release|Any CPU.ActiveCfg = Release|Any CPU
		{C2E533C9-4478-4D77-BA12-08692E74FD97}.Release|Any CPU.Build.0 = Release|Any CPU
		{C2E533C9-4478-4D77-BA12-08692E74FD97}.Release|ARM.ActiveCfg = Release|Any CPU
		{C2E533C9-4478-4D77-BA12-08692E74FD97}.Release|ARM.Build.0 = Release|Any CPU
		{C2E533C9-4478-4D77-BA12-08692E74FD97}.Release|ARM64.ActiveCfg = Release|Any CPU
		{C2E533C9-4478-4D77-BA12-08692E74FD97}.Release|ARM64.Build.0 = Release|Any CPU
		{C2E533C9-4478-4D77-BA12-08692E74FD97}.Release|x64.ActiveCfg = Release|Any CPU
		{C2E533C9-4478-4D77-BA12-08692E74FD97}.Release|x64.Build.0 = Release|Any CPU
		{C2E533C9-4478-4D77-BA12-08692E74FD97}.Release|x86.ActiveCfg = Release|x86
		{C2E533C9-4478-4D77-BA12-08692E74FD97}.Release|x86.Build.0 = Release|x86
		{24DD3F88-0579-4425-B66C-1E41383A1363}.Debug|Any CPU.ActiveCfg = Debug|Any CPU
		{24DD3F88-0579-4425-B66C-1E41383A1363}.Debug|Any CPU.Build.0 = Debug|Any CPU
		{24DD3F88-0579-4425-B66C-1E41383A1363}.Debug|Any CPU.Deploy.0 = Debug|Any CPU
		{24DD3F88-0579-4425-B66C-1E41383A1363}.Debug|ARM.ActiveCfg = Debug|ARM
		{24DD3F88-0579-4425-B66C-1E41383A1363}.Debug|ARM.Build.0 = Debug|ARM
		{24DD3F88-0579-4425-B66C-1E41383A1363}.Debug|ARM.Deploy.0 = Debug|ARM
		{24DD3F88-0579-4425-B66C-1E41383A1363}.Debug|ARM64.ActiveCfg = Debug|ARM64
		{24DD3F88-0579-4425-B66C-1E41383A1363}.Debug|ARM64.Build.0 = Debug|ARM64
		{24DD3F88-0579-4425-B66C-1E41383A1363}.Debug|ARM64.Deploy.0 = Debug|ARM64
		{24DD3F88-0579-4425-B66C-1E41383A1363}.Debug|x64.ActiveCfg = Debug|x64
		{24DD3F88-0579-4425-B66C-1E41383A1363}.Debug|x64.Build.0 = Debug|x64
		{24DD3F88-0579-4425-B66C-1E41383A1363}.Debug|x64.Deploy.0 = Debug|x64
		{24DD3F88-0579-4425-B66C-1E41383A1363}.Debug|x86.ActiveCfg = Debug|x86
		{24DD3F88-0579-4425-B66C-1E41383A1363}.Debug|x86.Build.0 = Debug|x86
		{24DD3F88-0579-4425-B66C-1E41383A1363}.Debug|x86.Deploy.0 = Debug|x86
		{24DD3F88-0579-4425-B66C-1E41383A1363}.Release|Any CPU.ActiveCfg = Release|Any CPU
		{24DD3F88-0579-4425-B66C-1E41383A1363}.Release|Any CPU.Build.0 = Release|Any CPU
		{24DD3F88-0579-4425-B66C-1E41383A1363}.Release|Any CPU.Deploy.0 = Release|Any CPU
		{24DD3F88-0579-4425-B66C-1E41383A1363}.Release|ARM.ActiveCfg = Release|ARM
		{24DD3F88-0579-4425-B66C-1E41383A1363}.Release|ARM.Build.0 = Release|ARM
		{24DD3F88-0579-4425-B66C-1E41383A1363}.Release|ARM.Deploy.0 = Release|ARM
		{24DD3F88-0579-4425-B66C-1E41383A1363}.Release|ARM64.ActiveCfg = Release|ARM64
		{24DD3F88-0579-4425-B66C-1E41383A1363}.Release|ARM64.Build.0 = Release|ARM64
		{24DD3F88-0579-4425-B66C-1E41383A1363}.Release|ARM64.Deploy.0 = Release|ARM64
		{24DD3F88-0579-4425-B66C-1E41383A1363}.Release|x64.ActiveCfg = Release|x64
		{24DD3F88-0579-4425-B66C-1E41383A1363}.Release|x64.Build.0 = Release|x64
		{24DD3F88-0579-4425-B66C-1E41383A1363}.Release|x64.Deploy.0 = Release|x64
		{24DD3F88-0579-4425-B66C-1E41383A1363}.Release|x86.ActiveCfg = Release|x86
		{24DD3F88-0579-4425-B66C-1E41383A1363}.Release|x86.Build.0 = Release|x86
		{24DD3F88-0579-4425-B66C-1E41383A1363}.Release|x86.Deploy.0 = Release|x86
	EndGlobalSection
	GlobalSection(SolutionProperties) = preSolution
		HideSolutionNode = FALSE
	EndGlobalSection
	GlobalSection(ExtensibilityGlobals) = postSolution
		SolutionGuid = {C87CDB85-9A58-4909-86A6-5F5A7C4B5339}
	EndGlobalSection
EndGlobal
